# This file is automatically @generated by Cargo.
# It is not intended for manual editing.
version = 4

[[package]]
name = "feox-asi"
version = "0.1.0"

[[package]]
name = "feox-libos"
version = "0.1.0"
dependencies = [
 "feox-asi",
]

[[package]]
name = "feox-netapp"
version = "0.1.0"
dependencies = [
 "feox-asi",
 "feox-libos",
]
